
Microsoft Visual Studio Solution File, Format Version 12.00
# Visual Studio Version 17
VisualStudioVersion = 17.13.35828.75
MinimumVisualStudioVersion = 10.0.40219.1
Project("{FAE04EC0-301F-11D3-BF4B-00C04F79EFBC}") = "WavyClient", "WavyClient.csproj", "{F50230AA-D3B6-4375-947D-984D2E72325B}"
EndProject
Project("{FAE04EC0-301F-11D3-BF4B-00C04F79EFBC}") = "AggregatorServer", "..\AggregatorServer\AggregatorServer.csproj", "{23D5E4C0-709E-42FE-ADF9-C1F08CAACB50}"
EndProject
Project("{FAE04EC0-301F-11D3-BF4B-00C04F79EFBC}") = "OceanServer", "..\OceanServer\OceanServer.csproj", "{2DB4D206-E4C2-45D9-AFE2-88A6E1FCE823}"
EndProject
Global
	GlobalSection(SolutionConfigurationPlatforms) = preSolution
		Debug|Any CPU = Debug|Any CPU
		Release|Any CPU = Release|Any CPU
	EndGlobalSection
	GlobalSection(ProjectConfigurationPlatforms) = postSolution
		{F50230AA-D3B6-4375-947D-984D2E72325B}.Debug|Any CPU.ActiveCfg = Debug|Any CPU
		{F50230AA-D3B6-4375-947D-984D2E72325B}.Debug|Any CPU.Build.0 = Debug|Any CPU
		{F50230AA-D3B6-4375-947D-984D2E72325B}.Release|Any CPU.ActiveCfg = Release|Any CPU
		{F50230AA-D3B6-4375-947D-984D2E72325B}.Release|Any CPU.Build.0 = Release|Any CPU
		{23D5E4C0-709E-42FE-ADF9-C1F08CAACB50}.Debug|Any CPU.ActiveCfg = Debug|Any CPU
		{23D5E4C0-709E-42FE-ADF9-C1F08CAACB50}.Debug|Any CPU.Build.0 = Debug|Any CPU
		{23D5E4C0-709E-42FE-ADF9-C1F08CAACB50}.Release|Any CPU.ActiveCfg = Release|Any CPU
		{23D5E4C0-709E-42FE-ADF9-C1F08CAACB50}.Release|Any CPU.Build.0 = Release|Any CPU
		{2DB4D206-E4C2-45D9-AFE2-88A6E1FCE823}.Debug|Any CPU.ActiveCfg = Debug|Any CPU
		{2DB4D206-E4C2-45D9-AFE2-88A6E1FCE823}.Debug|Any CPU.Build.0 = Debug|Any CPU
		{2DB4D206-E4C2-45D9-AFE2-88A6E1FCE823}.Release|Any CPU.ActiveCfg = Release|Any CPU
		{2DB4D206-E4C2-45D9-AFE2-88A6E1FCE823}.Release|Any CPU.Build.0 = Release|Any CPU
	EndGlobalSection
	GlobalSection(SolutionProperties) = preSolution
		HideSolutionNode = FALSE
	EndGlobalSection
	GlobalSection(ExtensibilityGlobals) = postSolution
		SolutionGuid = {30A23813-FE0F-4CDE-9B81-7FDF1FE3B55B}
	EndGlobalSection
EndGlobal
